// !$*UTF8*$!
{
	archiveVersion = 1;
	classes = {
	};
	objectVersion = 48;
	objects = {

/* Begin PBXBuildFile section */
		246199BB1F30DA1900991818 /* ScheduleScreen.swift in Sources */ = {isa = PBXBuildFile; fileRef = 246199BA1F30DA1900991818 /* ScheduleScreen.swift */; };
		246199BD1F30DC1800991818 /* Schedule.swift in Sources */ = {isa = PBXBuildFile; fileRef = 246199BC1F30DC1800991818 /* Schedule.swift */; };
		24A559051F34E245009B9884 /* Sequence.swift in Sources */ = {isa = PBXBuildFile; fileRef = 24A559041F34E245009B9884 /* Sequence.swift */; };
		8910881B1F4F14E6004148A4 /* AAZuehlke-italic.ttf in Resources */ = {isa = PBXBuildFile; fileRef = 891088181F4F14AA004148A4 /* AAZuehlke-italic.ttf */; };
		8910881C1F4F14E6004148A4 /* AAZuehlke.ttf in Resources */ = {isa = PBXBuildFile; fileRef = 891088191F4F14AA004148A4 /* AAZuehlke.ttf */; };
		8910881D1F4F14E6004148A4 /* AAZuehlkeMedium.ttf in Resources */ = {isa = PBXBuildFile; fileRef = 8910881A1F4F14AA004148A4 /* AAZuehlkeMedium.ttf */; };
		891B19111F601F62005B51E2 /* Content in Resources */ = {isa = PBXBuildFile; fileRef = 891B19101F601E93005B51E2 /* Content */; };
		892002891F61485200D5D001 /* RxCocoa.framework in Frameworks */ = {isa = PBXBuildFile; fileRef = 89C7474A1F6147FB00AB24BC /* RxCocoa.framework */; };
		8920028A1F61485200D5D001 /* RxCocoa.framework in Embed Frameworks */ = {isa = PBXBuildFile; fileRef = 89C7474A1F6147FB00AB24BC /* RxCocoa.framework */; settings = {ATTRIBUTES = (CodeSignOnCopy, RemoveHeadersOnCopy, ); }; };
		8920028B1F61485200D5D001 /* RxSwift.framework in Frameworks */ = {isa = PBXBuildFile; fileRef = 89C7474B1F6147FB00AB24BC /* RxSwift.framework */; };
		8920028C1F61485200D5D001 /* RxSwift.framework in Embed Frameworks */ = {isa = PBXBuildFile; fileRef = 89C7474B1F6147FB00AB24BC /* RxSwift.framework */; settings = {ATTRIBUTES = (CodeSignOnCopy, RemoveHeadersOnCopy, ); }; };
		89200C6E1FD1A9E40050AFDC /* Loadable.swift in Sources */ = {isa = PBXBuildFile; fileRef = 89200C6D1FD1A9E40050AFDC /* Loadable.swift */; };
		89200C721FD1B2210050AFDC /* Screen.swift in Sources */ = {isa = PBXBuildFile; fileRef = 89200C711FD1B2210050AFDC /* Screen.swift */; };
		89200C741FD1B2BB0050AFDC /* AppLoadingScreen.swift in Sources */ = {isa = PBXBuildFile; fileRef = 89200C731FD1B2BB0050AFDC /* AppLoadingScreen.swift */; };
		89200C761FD1B3130050AFDC /* MainAppScreen.swift in Sources */ = {isa = PBXBuildFile; fileRef = 89200C751FD1B3120050AFDC /* MainAppScreen.swift */; };
		89200C791FD1B7430050AFDC /* UIView.swift in Sources */ = {isa = PBXBuildFile; fileRef = 89200C781FD1B7430050AFDC /* UIView.swift */; };
		893135401FC198F3009B54DE /* ResourceProvider.swift in Sources */ = {isa = PBXBuildFile; fileRef = 8931353F1FC198F3009B54DE /* ResourceProvider.swift */; };
		8947A42A1F2B3FF600A3E463 /* AppDelegate.swift in Sources */ = {isa = PBXBuildFile; fileRef = 8947A4291F2B3FF600A3E463 /* AppDelegate.swift */; };
		8947A4311F2B3FF600A3E463 /* Assets.xcassets in Resources */ = {isa = PBXBuildFile; fileRef = 8947A4301F2B3FF600A3E463 /* Assets.xcassets */; };
		8947A4341F2B3FF600A3E463 /* LaunchScreen.storyboard in Resources */ = {isa = PBXBuildFile; fileRef = 8947A4321F2B3FF600A3E463 /* LaunchScreen.storyboard */; };
		8947A43F1F2B3FF600A3E463 /* ZeCampTests.swift in Sources */ = {isa = PBXBuildFile; fileRef = 8947A43E1F2B3FF600A3E463 /* ZeCampTests.swift */; };
		8947A44A1F2B3FF600A3E463 /* ZeCampUITests.swift in Sources */ = {isa = PBXBuildFile; fileRef = 8947A4491F2B3FF600A3E463 /* ZeCampUITests.swift */; };
		89E39B401FC1D6AB0038958D /* ResourceProviderTests.swift in Sources */ = {isa = PBXBuildFile; fileRef = 89E39B3F1FC1D6AB0038958D /* ResourceProviderTests.swift */; };
		89E39B431FC1D7860038958D /* Content in Resources */ = {isa = PBXBuildFile; fileRef = 89E39B421FC1D7860038958D /* Content */; };
		89E39B4C1FC1D8760038958D /* RxTest.framework in Frameworks */ = {isa = PBXBuildFile; fileRef = 89E39B4B1FC1D8400038958D /* RxTest.framework */; };
		89E39B4D1FC1D8760038958D /* RxBlocking.framework in Frameworks */ = {isa = PBXBuildFile; fileRef = 89E39B4A1FC1D8400038958D /* RxBlocking.framework */; };
		89E39B4E1FC1DA050038958D /* RxCocoa.framework in Frameworks */ = {isa = PBXBuildFile; fileRef = 89C7474A1F6147FB00AB24BC /* RxCocoa.framework */; };
		89E39B4F1FC1DA050038958D /* RxSwift.framework in Frameworks */ = {isa = PBXBuildFile; fileRef = 89C7474B1F6147FB00AB24BC /* RxSwift.framework */; };
		89FCE41E1FBDE43C00C729A0 /* AppModel.swift in Sources */ = {isa = PBXBuildFile; fileRef = 89FCE41D1FBDE43C00C729A0 /* AppModel.swift */; };
		8B29E6A31F50CC7900F259AE /* Bundle.swift in Sources */ = {isa = PBXBuildFile; fileRef = 8B29E6A21F50CC7900F259AE /* Bundle.swift */; };
		8BD4890C1F73C842000ECBD7 /* NSLayoutConstraint.swift in Sources */ = {isa = PBXBuildFile; fileRef = 8BD4890B1F73C842000ECBD7 /* NSLayoutConstraint.swift */; };
/* End PBXBuildFile section */

/* Begin PBXContainerItemProxy section */
		8947A43B1F2B3FF600A3E463 /* PBXContainerItemProxy */ = {
			isa = PBXContainerItemProxy;
			containerPortal = 8947A41E1F2B3FF600A3E463 /* Project object */;
			proxyType = 1;
			remoteGlobalIDString = 8947A4251F2B3FF600A3E463;
			remoteInfo = ZeCamp;
		};
		8947A4461F2B3FF600A3E463 /* PBXContainerItemProxy */ = {
			isa = PBXContainerItemProxy;
			containerPortal = 8947A41E1F2B3FF600A3E463 /* Project object */;
			proxyType = 1;
			remoteGlobalIDString = 8947A4251F2B3FF600A3E463;
			remoteInfo = ZeCamp;
		};
/* End PBXContainerItemProxy section */

/* Begin PBXCopyFilesBuildPhase section */
		07D0B07F1F439E3800CD1413 /* Embed Frameworks */ = {
			isa = PBXCopyFilesBuildPhase;
			buildActionMask = 2147483647;
			dstPath = "";
			dstSubfolderSpec = 10;
			files = (
				8920028C1F61485200D5D001 /* RxSwift.framework in Embed Frameworks */,
				8920028A1F61485200D5D001 /* RxCocoa.framework in Embed Frameworks */,
			);
			name = "Embed Frameworks";
			runOnlyForDeploymentPostprocessing = 0;
		};
/* End PBXCopyFilesBuildPhase section */

/* Begin PBXFileReference section */
		246199BA1F30DA1900991818 /* ScheduleScreen.swift */ = {isa = PBXFileReference; lastKnownFileType = sourcecode.swift; path = ScheduleScreen.swift; sourceTree = "<group>"; };
		246199BC1F30DC1800991818 /* Schedule.swift */ = {isa = PBXFileReference; lastKnownFileType = sourcecode.swift; path = Schedule.swift; sourceTree = "<group>"; };
		24A559041F34E245009B9884 /* Sequence.swift */ = {isa = PBXFileReference; lastKnownFileType = sourcecode.swift; path = Sequence.swift; sourceTree = "<group>"; };
		891088181F4F14AA004148A4 /* AAZuehlke-italic.ttf */ = {isa = PBXFileReference; lastKnownFileType = file; path = "AAZuehlke-italic.ttf"; sourceTree = "<group>"; };
		891088191F4F14AA004148A4 /* AAZuehlke.ttf */ = {isa = PBXFileReference; lastKnownFileType = file; path = AAZuehlke.ttf; sourceTree = "<group>"; };
		8910881A1F4F14AA004148A4 /* AAZuehlkeMedium.ttf */ = {isa = PBXFileReference; lastKnownFileType = file; path = AAZuehlkeMedium.ttf; sourceTree = "<group>"; };
		891B19101F601E93005B51E2 /* Content */ = {isa = PBXFileReference; lastKnownFileType = folder; path = Content; sourceTree = "<group>"; };
		89200C6D1FD1A9E40050AFDC /* Loadable.swift */ = {isa = PBXFileReference; lastKnownFileType = sourcecode.swift; path = Loadable.swift; sourceTree = "<group>"; };
		89200C711FD1B2210050AFDC /* Screen.swift */ = {isa = PBXFileReference; lastKnownFileType = sourcecode.swift; path = Screen.swift; sourceTree = "<group>"; };
		89200C731FD1B2BB0050AFDC /* AppLoadingScreen.swift */ = {isa = PBXFileReference; lastKnownFileType = sourcecode.swift; path = AppLoadingScreen.swift; sourceTree = "<group>"; };
		89200C751FD1B3120050AFDC /* MainAppScreen.swift */ = {isa = PBXFileReference; lastKnownFileType = sourcecode.swift; path = MainAppScreen.swift; sourceTree = "<group>"; };
		89200C781FD1B7430050AFDC /* UIView.swift */ = {isa = PBXFileReference; lastKnownFileType = sourcecode.swift; path = UIView.swift; sourceTree = "<group>"; };
		8931353F1FC198F3009B54DE /* ResourceProvider.swift */ = {isa = PBXFileReference; lastKnownFileType = sourcecode.swift; path = ResourceProvider.swift; sourceTree = "<group>"; };
		8947A4261F2B3FF600A3E463 /* ZeCamp.app */ = {isa = PBXFileReference; explicitFileType = wrapper.application; includeInIndex = 0; path = ZeCamp.app; sourceTree = BUILT_PRODUCTS_DIR; };
		8947A4291F2B3FF600A3E463 /* AppDelegate.swift */ = {isa = PBXFileReference; lastKnownFileType = sourcecode.swift; path = AppDelegate.swift; sourceTree = "<group>"; };
		8947A4301F2B3FF600A3E463 /* Assets.xcassets */ = {isa = PBXFileReference; lastKnownFileType = folder.assetcatalog; path = Assets.xcassets; sourceTree = "<group>"; };
		8947A4331F2B3FF600A3E463 /* Base */ = {isa = PBXFileReference; lastKnownFileType = file.storyboard; name = Base; path = Base.lproj/LaunchScreen.storyboard; sourceTree = "<group>"; };
		8947A4351F2B3FF600A3E463 /* Info.plist */ = {isa = PBXFileReference; lastKnownFileType = text.plist.xml; path = Info.plist; sourceTree = "<group>"; };
		8947A43A1F2B3FF600A3E463 /* ZeCampTests.xctest */ = {isa = PBXFileReference; explicitFileType = wrapper.cfbundle; includeInIndex = 0; path = ZeCampTests.xctest; sourceTree = BUILT_PRODUCTS_DIR; };
		8947A43E1F2B3FF600A3E463 /* ZeCampTests.swift */ = {isa = PBXFileReference; lastKnownFileType = sourcecode.swift; path = ZeCampTests.swift; sourceTree = "<group>"; };
		8947A4401F2B3FF600A3E463 /* Info.plist */ = {isa = PBXFileReference; lastKnownFileType = text.plist.xml; path = Info.plist; sourceTree = "<group>"; };
		8947A4451F2B3FF600A3E463 /* ZeCampUITests.xctest */ = {isa = PBXFileReference; explicitFileType = wrapper.cfbundle; includeInIndex = 0; path = ZeCampUITests.xctest; sourceTree = BUILT_PRODUCTS_DIR; };
		8947A4491F2B3FF600A3E463 /* ZeCampUITests.swift */ = {isa = PBXFileReference; lastKnownFileType = sourcecode.swift; path = ZeCampUITests.swift; sourceTree = "<group>"; };
		8947A44B1F2B3FF600A3E463 /* Info.plist */ = {isa = PBXFileReference; lastKnownFileType = text.plist.xml; path = Info.plist; sourceTree = "<group>"; };
		898366281F2B48F1007AA57A /* Project.xcconfig */ = {isa = PBXFileReference; lastKnownFileType = text.xcconfig; path = Project.xcconfig; sourceTree = "<group>"; };
		8983662E1F2B4A73007AA57A /* ZeCamp.xcconfig */ = {isa = PBXFileReference; lastKnownFileType = text.xcconfig; path = ZeCamp.xcconfig; sourceTree = "<group>"; };
		8983662F1F2B4B7E007AA57A /* Release.xcconfig */ = {isa = PBXFileReference; lastKnownFileType = text.xcconfig; path = Release.xcconfig; sourceTree = "<group>"; };
		898366301F2B4B7E007AA57A /* Debug.xcconfig */ = {isa = PBXFileReference; lastKnownFileType = text.xcconfig; path = Debug.xcconfig; sourceTree = "<group>"; };
		898366311F2B4B7E007AA57A /* Framework.xcconfig */ = {isa = PBXFileReference; lastKnownFileType = text.xcconfig; path = Framework.xcconfig; sourceTree = "<group>"; };
		898366321F2B4B7E007AA57A /* iOS.xcconfig */ = {isa = PBXFileReference; lastKnownFileType = text.xcconfig; path = iOS.xcconfig; sourceTree = "<group>"; };
		898366331F2B4B7E007AA57A /* Test.xcconfig */ = {isa = PBXFileReference; lastKnownFileType = text.xcconfig; path = Test.xcconfig; sourceTree = "<group>"; };
		898366341F2B4B7E007AA57A /* OSX.xcconfig */ = {isa = PBXFileReference; lastKnownFileType = text.xcconfig; path = OSX.xcconfig; sourceTree = "<group>"; };
		898366351F2B4B7E007AA57A /* App.xcconfig */ = {isa = PBXFileReference; lastKnownFileType = text.xcconfig; path = App.xcconfig; sourceTree = "<group>"; };
		898366391F2B4D0A007AA57A /* ZeCampTests.xcconfig */ = {isa = PBXFileReference; lastKnownFileType = text.xcconfig; path = ZeCampTests.xcconfig; sourceTree = "<group>"; };
		8983663A1F2B4EB5007AA57A /* ZeCampUITests.xcconfig */ = {isa = PBXFileReference; lastKnownFileType = text.xcconfig; path = ZeCampUITests.xcconfig; sourceTree = "<group>"; };
		8983663B1F2B4F32007AA57A /* UITest.xcconfig */ = {isa = PBXFileReference; lastKnownFileType = text.xcconfig; path = UITest.xcconfig; sourceTree = "<group>"; };
		89C7474A1F6147FB00AB24BC /* RxCocoa.framework */ = {isa = PBXFileReference; lastKnownFileType = wrapper.framework; path = RxCocoa.framework; sourceTree = BUILT_PRODUCTS_DIR; };
		89C7474B1F6147FB00AB24BC /* RxSwift.framework */ = {isa = PBXFileReference; lastKnownFileType = wrapper.framework; path = RxSwift.framework; sourceTree = BUILT_PRODUCTS_DIR; };
		89E39B3F1FC1D6AB0038958D /* ResourceProviderTests.swift */ = {isa = PBXFileReference; lastKnownFileType = sourcecode.swift; path = ResourceProviderTests.swift; sourceTree = "<group>"; };
		89E39B421FC1D7860038958D /* Content */ = {isa = PBXFileReference; lastKnownFileType = folder; path = Content; sourceTree = "<group>"; };
		89E39B4A1FC1D8400038958D /* RxBlocking.framework */ = {isa = PBXFileReference; lastKnownFileType = wrapper.framework; path = RxBlocking.framework; sourceTree = BUILT_PRODUCTS_DIR; };
		89E39B4B1FC1D8400038958D /* RxTest.framework */ = {isa = PBXFileReference; lastKnownFileType = wrapper.framework; path = RxTest.framework; sourceTree = BUILT_PRODUCTS_DIR; };
		89FCE41D1FBDE43C00C729A0 /* AppModel.swift */ = {isa = PBXFileReference; lastKnownFileType = sourcecode.swift; path = AppModel.swift; sourceTree = "<group>"; };
		8B29E6A21F50CC7900F259AE /* Bundle.swift */ = {isa = PBXFileReference; lastKnownFileType = sourcecode.swift; path = Bundle.swift; sourceTree = "<group>"; };
		8BD4890B1F73C842000ECBD7 /* NSLayoutConstraint.swift */ = {isa = PBXFileReference; lastKnownFileType = sourcecode.swift; path = NSLayoutConstraint.swift; sourceTree = "<group>"; };
/* End PBXFileReference section */

/* Begin PBXFrameworksBuildPhase section */
		8947A4231F2B3FF600A3E463 /* Frameworks */ = {
			isa = PBXFrameworksBuildPhase;
			buildActionMask = 2147483647;
			files = (
				8920028B1F61485200D5D001 /* RxSwift.framework in Frameworks */,
				892002891F61485200D5D001 /* RxCocoa.framework in Frameworks */,
			);
			runOnlyForDeploymentPostprocessing = 0;
		};
		8947A4371F2B3FF600A3E463 /* Frameworks */ = {
			isa = PBXFrameworksBuildPhase;
			buildActionMask = 2147483647;
			files = (
				89E39B4F1FC1DA050038958D /* RxSwift.framework in Frameworks */,
				89E39B4E1FC1DA050038958D /* RxCocoa.framework in Frameworks */,
				89E39B4C1FC1D8760038958D /* RxTest.framework in Frameworks */,
				89E39B4D1FC1D8760038958D /* RxBlocking.framework in Frameworks */,
			);
			runOnlyForDeploymentPostprocessing = 0;
		};
		8947A4421F2B3FF600A3E463 /* Frameworks */ = {
			isa = PBXFrameworksBuildPhase;
			buildActionMask = 2147483647;
			files = (
			);
			runOnlyForDeploymentPostprocessing = 0;
		};
/* End PBXFrameworksBuildPhase section */

/* Begin PBXGroup section */
		24A559031F34E1DF009B9884 /* Extensions */ = {
			isa = PBXGroup;
			children = (
				8B29E6A21F50CC7900F259AE /* Bundle.swift */,
				24A559041F34E245009B9884 /* Sequence.swift */,
			);
			path = Extensions;
			sourceTree = "<group>";
		};
		891088151F4F14AA004148A4 /* ze-camp-assets */ = {
			isa = PBXGroup;
			children = (
				8947A4301F2B3FF600A3E463 /* Assets.xcassets */,
				891B19101F601E93005B51E2 /* Content */,
				891088171F4F14AA004148A4 /* Fonts */,
			);
			name = "ze-camp-assets";
			path = "Carthage/Checkouts/ze-camp-assets";
			sourceTree = "<group>";
		};
		891088171F4F14AA004148A4 /* Fonts */ = {
			isa = PBXGroup;
			children = (
				891088181F4F14AA004148A4 /* AAZuehlke-italic.ttf */,
				891088191F4F14AA004148A4 /* AAZuehlke.ttf */,
				8910881A1F4F14AA004148A4 /* AAZuehlkeMedium.ttf */,
			);
			path = Fonts;
			sourceTree = "<group>";
		};
		89200C6C1FD1A9CA0050AFDC /* Containers */ = {
			isa = PBXGroup;
			children = (
				89200C6D1FD1A9E40050AFDC /* Loadable.swift */,
			);
			path = Containers;
			sourceTree = "<group>";
		};
		89200C6F1FD1B1E70050AFDC /* UI */ = {
			isa = PBXGroup;
			children = (
				89200C771FD1B72B0050AFDC /* Extensions */,
				89200C701FD1B1F30050AFDC /* Abstractions */,
				246199BA1F30DA1900991818 /* ScheduleScreen.swift */,
				89200C731FD1B2BB0050AFDC /* AppLoadingScreen.swift */,
				89200C751FD1B3120050AFDC /* MainAppScreen.swift */,
			);
			path = UI;
			sourceTree = "<group>";
		};
		89200C701FD1B1F30050AFDC /* Abstractions */ = {
			isa = PBXGroup;
			children = (
				89200C711FD1B2210050AFDC /* Screen.swift */,
			);
			path = Abstractions;
			sourceTree = "<group>";
		};
		89200C771FD1B72B0050AFDC /* Extensions */ = {
			isa = PBXGroup;
			children = (
				8BD4890B1F73C842000ECBD7 /* NSLayoutConstraint.swift */,
				89200C781FD1B7430050AFDC /* UIView.swift */,
			);
			path = Extensions;
			sourceTree = "<group>";
		};
		8926091F1F60310900DB78E1 /* Sources */ = {
			isa = PBXGroup;
			children = (
				24A559031F34E1DF009B9884 /* Extensions */,
				89200C6C1FD1A9CA0050AFDC /* Containers */,
				8931353E1FC1989C009B54DE /* Environment */,
				89FCE41C1FBDE42A00C729A0 /* Model */,
				89200C6F1FD1B1E70050AFDC /* UI */,
				8947A4291F2B3FF600A3E463 /* AppDelegate.swift */,
			);
			path = Sources;
			sourceTree = "<group>";
		};
		892609331F60317900DB78E1 /* Configurations */ = {
			isa = PBXGroup;
			children = (
				8947A4351F2B3FF600A3E463 /* Info.plist */,
				8983662E1F2B4A73007AA57A /* ZeCamp.xcconfig */,
			);
			path = Configurations;
			sourceTree = "<group>";
		};
		892609341F6031F500DB78E1 /* Sources */ = {
			isa = PBXGroup;
			children = (
				8947A43E1F2B3FF600A3E463 /* ZeCampTests.swift */,
				89E39B3F1FC1D6AB0038958D /* ResourceProviderTests.swift */,
			);
			path = Sources;
			sourceTree = "<group>";
		};
		892609351F6031FD00DB78E1 /* Configurations */ = {
			isa = PBXGroup;
			children = (
				8947A4401F2B3FF600A3E463 /* Info.plist */,
				898366391F2B4D0A007AA57A /* ZeCampTests.xcconfig */,
			);
			path = Configurations;
			sourceTree = "<group>";
		};
		892609361F60320800DB78E1 /* Sources */ = {
			isa = PBXGroup;
			children = (
				8947A4491F2B3FF600A3E463 /* ZeCampUITests.swift */,
			);
			path = Sources;
			sourceTree = "<group>";
		};
		892609371F60321100DB78E1 /* Configurations */ = {
			isa = PBXGroup;
			children = (
				8947A44B1F2B3FF600A3E463 /* Info.plist */,
				8983663A1F2B4EB5007AA57A /* ZeCampUITests.xcconfig */,
			);
			path = Configurations;
			sourceTree = "<group>";
		};
		892609391F60333100DB78E1 /* Resources */ = {
			isa = PBXGroup;
			children = (
				8947A4321F2B3FF600A3E463 /* LaunchScreen.storyboard */,
			);
			path = Resources;
			sourceTree = "<group>";
		};
		8931353E1FC1989C009B54DE /* Environment */ = {
			isa = PBXGroup;
			children = (
				8931353F1FC198F3009B54DE /* ResourceProvider.swift */,
			);
			path = Environment;
			sourceTree = "<group>";
		};
		8947A41D1F2B3FF600A3E463 = {
			isa = PBXGroup;
			children = (
				8947A4281F2B3FF600A3E463 /* ZeCamp */,
				8947A43D1F2B3FF600A3E463 /* ZeCampTests */,
				8947A4481F2B3FF600A3E463 /* ZeCampUITests */,
				891088151F4F14AA004148A4 /* ze-camp-assets */,
				898366211F2B48BF007AA57A /* Configurations */,
				8947A4271F2B3FF600A3E463 /* Products */,
				89C747451F6147B700AB24BC /* Frameworks */,
			);
			sourceTree = "<group>";
		};
		8947A4271F2B3FF600A3E463 /* Products */ = {
			isa = PBXGroup;
			children = (
				8947A4261F2B3FF600A3E463 /* ZeCamp.app */,
				8947A43A1F2B3FF600A3E463 /* ZeCampTests.xctest */,
				8947A4451F2B3FF600A3E463 /* ZeCampUITests.xctest */,
			);
			name = Products;
			sourceTree = "<group>";
		};
		8947A4281F2B3FF600A3E463 /* ZeCamp */ = {
			isa = PBXGroup;
			children = (
				8926091F1F60310900DB78E1 /* Sources */,
				892609391F60333100DB78E1 /* Resources */,
				892609331F60317900DB78E1 /* Configurations */,
			);
			path = ZeCamp;
			sourceTree = "<group>";
		};
		8947A43D1F2B3FF600A3E463 /* ZeCampTests */ = {
			isa = PBXGroup;
			children = (
				892609341F6031F500DB78E1 /* Sources */,
				89E39B411FC1D7650038958D /* Resources */,
				892609351F6031FD00DB78E1 /* Configurations */,
			);
			path = ZeCampTests;
			sourceTree = "<group>";
		};
		8947A4481F2B3FF600A3E463 /* ZeCampUITests */ = {
			isa = PBXGroup;
			children = (
				892609361F60320800DB78E1 /* Sources */,
				892609371F60321100DB78E1 /* Configurations */,
			);
			path = ZeCampUITests;
			sourceTree = "<group>";
		};
		898366211F2B48BF007AA57A /* Configurations */ = {
			isa = PBXGroup;
			children = (
				898366281F2B48F1007AA57A /* Project.xcconfig */,
				898366361F2B4B84007AA57A /* Configurations */,
				898366381F2B4BAD007AA57A /* Platforms */,
				898366371F2B4BA5007AA57A /* Targets */,
			);
			path = Configurations;
			sourceTree = "<group>";
		};
		898366361F2B4B84007AA57A /* Configurations */ = {
			isa = PBXGroup;
			children = (
				898366301F2B4B7E007AA57A /* Debug.xcconfig */,
				8983662F1F2B4B7E007AA57A /* Release.xcconfig */,
			);
			path = Configurations;
			sourceTree = "<group>";
		};
		898366371F2B4BA5007AA57A /* Targets */ = {
			isa = PBXGroup;
			children = (
				898366351F2B4B7E007AA57A /* App.xcconfig */,
				898366311F2B4B7E007AA57A /* Framework.xcconfig */,
				898366331F2B4B7E007AA57A /* Test.xcconfig */,
				8983663B1F2B4F32007AA57A /* UITest.xcconfig */,
			);
			path = Targets;
			sourceTree = "<group>";
		};
		898366381F2B4BAD007AA57A /* Platforms */ = {
			isa = PBXGroup;
			children = (
				898366321F2B4B7E007AA57A /* iOS.xcconfig */,
				898366341F2B4B7E007AA57A /* OSX.xcconfig */,
			);
			path = Platforms;
			sourceTree = "<group>";
		};
		89C747451F6147B700AB24BC /* Frameworks */ = {
			isa = PBXGroup;
			children = (
				89E39B4B1FC1D8400038958D /* RxTest.framework */,
				89E39B4A1FC1D8400038958D /* RxBlocking.framework */,
				89C7474A1F6147FB00AB24BC /* RxCocoa.framework */,
				89C7474B1F6147FB00AB24BC /* RxSwift.framework */,
			);
			name = Frameworks;
			sourceTree = "<group>";
		};
		89E39B411FC1D7650038958D /* Resources */ = {
			isa = PBXGroup;
			children = (
				89E39B421FC1D7860038958D /* Content */,
			);
			path = Resources;
			sourceTree = "<group>";
		};
		89FCE41C1FBDE42A00C729A0 /* Model */ = {
			isa = PBXGroup;
			children = (
				246199BC1F30DC1800991818 /* Schedule.swift */,
				89FCE41D1FBDE43C00C729A0 /* AppModel.swift */,
			);
			path = Model;
			sourceTree = "<group>";
		};
/* End PBXGroup section */

/* Begin PBXNativeTarget section */
		8947A4251F2B3FF600A3E463 /* ZeCamp */ = {
			isa = PBXNativeTarget;
			buildConfigurationList = 8947A44E1F2B3FF600A3E463 /* Build configuration list for PBXNativeTarget "ZeCamp" */;
			buildPhases = (
				8947A4221F2B3FF600A3E463 /* Sources */,
				8947A4231F2B3FF600A3E463 /* Frameworks */,
				8947A4241F2B3FF600A3E463 /* Resources */,
				8B29E6A11F50C53B00F259AE /* Embed build information */,
				07D0B07F1F439E3800CD1413 /* Embed Frameworks */,
			);
			buildRules = (
			);
			dependencies = (
			);
			name = ZeCamp;
			productName = ZeCamp;
			productReference = 8947A4261F2B3FF600A3E463 /* ZeCamp.app */;
			productType = "com.apple.product-type.application";
		};
		8947A4391F2B3FF600A3E463 /* ZeCampTests */ = {
			isa = PBXNativeTarget;
			buildConfigurationList = 8947A4511F2B3FF600A3E463 /* Build configuration list for PBXNativeTarget "ZeCampTests" */;
			buildPhases = (
				8947A4361F2B3FF600A3E463 /* Sources */,
				8947A4371F2B3FF600A3E463 /* Frameworks */,
				8947A4381F2B3FF600A3E463 /* Resources */,
			);
			buildRules = (
			);
			dependencies = (
				8947A43C1F2B3FF600A3E463 /* PBXTargetDependency */,
			);
			name = ZeCampTests;
			productName = ZeCampTests;
			productReference = 8947A43A1F2B3FF600A3E463 /* ZeCampTests.xctest */;
			productType = "com.apple.product-type.bundle.unit-test";
		};
		8947A4441F2B3FF600A3E463 /* ZeCampUITests */ = {
			isa = PBXNativeTarget;
			buildConfigurationList = 8947A4541F2B3FF600A3E463 /* Build configuration list for PBXNativeTarget "ZeCampUITests" */;
			buildPhases = (
				8947A4411F2B3FF600A3E463 /* Sources */,
				8947A4421F2B3FF600A3E463 /* Frameworks */,
				8947A4431F2B3FF600A3E463 /* Resources */,
			);
			buildRules = (
			);
			dependencies = (
				8947A4471F2B3FF600A3E463 /* PBXTargetDependency */,
			);
			name = ZeCampUITests;
			productName = ZeCampUITests;
			productReference = 8947A4451F2B3FF600A3E463 /* ZeCampUITests.xctest */;
			productType = "com.apple.product-type.bundle.ui-testing";
		};
/* End PBXNativeTarget section */

/* Begin PBXProject section */
		8947A41E1F2B3FF600A3E463 /* Project object */ = {
			isa = PBXProject;
			attributes = {
				LastSwiftUpdateCheck = 0900;
				LastUpgradeCheck = 0910;
				ORGANIZATIONNAME = Zuhlke;
				TargetAttributes = {
					8947A4251F2B3FF600A3E463 = {
						CreatedOnToolsVersion = 9.0;
						ProvisioningStyle = Automatic;
					};
					8947A4391F2B3FF600A3E463 = {
						CreatedOnToolsVersion = 9.0;
						ProvisioningStyle = Automatic;
						TestTargetID = 8947A4251F2B3FF600A3E463;
					};
					8947A4441F2B3FF600A3E463 = {
						CreatedOnToolsVersion = 9.0;
						ProvisioningStyle = Automatic;
						TestTargetID = 8947A4251F2B3FF600A3E463;
					};
				};
			};
			buildConfigurationList = 8947A4211F2B3FF600A3E463 /* Build configuration list for PBXProject "ZeCamp" */;
			compatibilityVersion = "Xcode 8.0";
			developmentRegion = en;
			hasScannedForEncodings = 0;
			knownRegions = (
				Base,
			);
			mainGroup = 8947A41D1F2B3FF600A3E463;
			productRefGroup = 8947A4271F2B3FF600A3E463 /* Products */;
			projectDirPath = "";
			projectRoot = "";
			targets = (
				8947A4251F2B3FF600A3E463 /* ZeCamp */,
				8947A4391F2B3FF600A3E463 /* ZeCampTests */,
				8947A4441F2B3FF600A3E463 /* ZeCampUITests */,
			);
		};
/* End PBXProject section */

/* Begin PBXResourcesBuildPhase section */
		8947A4241F2B3FF600A3E463 /* Resources */ = {
			isa = PBXResourcesBuildPhase;
			buildActionMask = 2147483647;
			files = (
				891B19111F601F62005B51E2 /* Content in Resources */,
				8910881C1F4F14E6004148A4 /* AAZuehlke.ttf in Resources */,
				8910881D1F4F14E6004148A4 /* AAZuehlkeMedium.ttf in Resources */,
				8910881B1F4F14E6004148A4 /* AAZuehlke-italic.ttf in Resources */,
				8947A4341F2B3FF600A3E463 /* LaunchScreen.storyboard in Resources */,
				8947A4311F2B3FF600A3E463 /* Assets.xcassets in Resources */,
			);
			runOnlyForDeploymentPostprocessing = 0;
		};
		8947A4381F2B3FF600A3E463 /* Resources */ = {
			isa = PBXResourcesBuildPhase;
			buildActionMask = 2147483647;
			files = (
				89E39B431FC1D7860038958D /* Content in Resources */,
			);
			runOnlyForDeploymentPostprocessing = 0;
		};
		8947A4431F2B3FF600A3E463 /* Resources */ = {
			isa = PBXResourcesBuildPhase;
			buildActionMask = 2147483647;
			files = (
			);
			runOnlyForDeploymentPostprocessing = 0;
		};
/* End PBXResourcesBuildPhase section */

/* Begin PBXShellScriptBuildPhase section */
		8B29E6A11F50C53B00F259AE /* Embed build information */ = {
			isa = PBXShellScriptBuildPhase;
			buildActionMask = 2147483647;
			files = (
			);
			inputPaths = (
			);
			name = "Embed build information";
			outputPaths = (
			);
			runOnlyForDeploymentPostprocessing = 0;
			shellPath = /bin/sh;
			shellScript = "/bin/sh \"${SRCROOT}/../scripts/embedBuildInfo.sh\"";
		};
/* End PBXShellScriptBuildPhase section */

/* Begin PBXSourcesBuildPhase section */
		8947A4221F2B3FF600A3E463 /* Sources */ = {
			isa = PBXSourcesBuildPhase;
			buildActionMask = 2147483647;
			files = (
				89200C791FD1B7430050AFDC /* UIView.swift in Sources */,
				89200C761FD1B3130050AFDC /* MainAppScreen.swift in Sources */,
				89FCE41E1FBDE43C00C729A0 /* AppModel.swift in Sources */,
				8B29E6A31F50CC7900F259AE /* Bundle.swift in Sources */,
				89200C6E1FD1A9E40050AFDC /* Loadable.swift in Sources */,
				8BD4890C1F73C842000ECBD7 /* NSLayoutConstraint.swift in Sources */,
				246199BB1F30DA1900991818 /* ScheduleScreen.swift in Sources */,
				89200C721FD1B2210050AFDC /* Screen.swift in Sources */,
				246199BD1F30DC1800991818 /* Schedule.swift in Sources */,
				89200C741FD1B2BB0050AFDC /* AppLoadingScreen.swift in Sources */,
				893135401FC198F3009B54DE /* ResourceProvider.swift in Sources */,
				8947A42A1F2B3FF600A3E463 /* AppDelegate.swift in Sources */,
				24A559051F34E245009B9884 /* Sequence.swift in Sources */,
			);
			runOnlyForDeploymentPostprocessing = 0;
		};
		8947A4361F2B3FF600A3E463 /* Sources */ = {
			isa = PBXSourcesBuildPhase;
			buildActionMask = 2147483647;
			files = (
				89E39B401FC1D6AB0038958D /* ResourceProviderTests.swift in Sources */,
				8947A43F1F2B3FF600A3E463 /* ZeCampTests.swift in Sources */,
			);
			runOnlyForDeploymentPostprocessing = 0;
		};
		8947A4411F2B3FF600A3E463 /* Sources */ = {
			isa = PBXSourcesBuildPhase;
			buildActionMask = 2147483647;
			files = (
				8947A44A1F2B3FF600A3E463 /* ZeCampUITests.swift in Sources */,
			);
			runOnlyForDeploymentPostprocessing = 0;
		};
/* End PBXSourcesBuildPhase section */

/* Begin PBXTargetDependency section */
		8947A43C1F2B3FF600A3E463 /* PBXTargetDependency */ = {
			isa = PBXTargetDependency;
			target = 8947A4251F2B3FF600A3E463 /* ZeCamp */;
			targetProxy = 8947A43B1F2B3FF600A3E463 /* PBXContainerItemProxy */;
		};
		8947A4471F2B3FF600A3E463 /* PBXTargetDependency */ = {
			isa = PBXTargetDependency;
			target = 8947A4251F2B3FF600A3E463 /* ZeCamp */;
			targetProxy = 8947A4461F2B3FF600A3E463 /* PBXContainerItemProxy */;
		};
/* End PBXTargetDependency section */

/* Begin PBXVariantGroup section */
		8947A4321F2B3FF600A3E463 /* LaunchScreen.storyboard */ = {
			isa = PBXVariantGroup;
			children = (
				8947A4331F2B3FF600A3E463 /* Base */,
			);
			name = LaunchScreen.storyboard;
			sourceTree = "<group>";
		};
/* End PBXVariantGroup section */

/* Begin XCBuildConfiguration section */
		8947A44C1F2B3FF600A3E463 /* Debug */ = {
			isa = XCBuildConfiguration;
			baseConfigurationReference = 898366301F2B4B7E007AA57A /* Debug.xcconfig */;
			buildSettings = {
			};
			name = Debug;
		};
		8947A44D1F2B3FF600A3E463 /* Release */ = {
			isa = XCBuildConfiguration;
			baseConfigurationReference = 8983662F1F2B4B7E007AA57A /* Release.xcconfig */;
			buildSettings = {
			};
			name = Release;
		};
		8947A44F1F2B3FF600A3E463 /* Debug */ = {
			isa = XCBuildConfiguration;
			baseConfigurationReference = 8983662E1F2B4A73007AA57A /* ZeCamp.xcconfig */;
			buildSettings = {
			};
			name = Debug;
		};
		8947A4501F2B3FF600A3E463 /* Release */ = {
			isa = XCBuildConfiguration;
			baseConfigurationReference = 8983662E1F2B4A73007AA57A /* ZeCamp.xcconfig */;
			buildSettings = {
			};
			name = Release;
		};
		8947A4521F2B3FF600A3E463 /* Debug */ = {
			isa = XCBuildConfiguration;
			baseConfigurationReference = 898366391F2B4D0A007AA57A /* ZeCampTests.xcconfig */;
			buildSettings = {
			};
			name = Debug;
		};
		8947A4531F2B3FF600A3E463 /* Release */ = {
			isa = XCBuildConfiguration;
			baseConfigurationReference = 898366391F2B4D0A007AA57A /* ZeCampTests.xcconfig */;
			buildSettings = {
			};
			name = Release;
		};
		8947A4551F2B3FF600A3E463 /* Debug */ = {
			isa = XCBuildConfiguration;
			baseConfigurationReference = 8983663A1F2B4EB5007AA57A /* ZeCampUITests.xcconfig */;
			buildSettings = {
			};
			name = Debug;
		};
		8947A4561F2B3FF600A3E463 /* Release */ = {
			isa = XCBuildConfiguration;
			baseConfigurationReference = 8983663A1F2B4EB5007AA57A /* ZeCampUITests.xcconfig */;
			buildSettings = {
			};
			name = Release;
		};
/* End XCBuildConfiguration section */

/* Begin XCConfigurationList section */
		8947A4211F2B3FF600A3E463 /* Build configuration list for PBXProject "ZeCamp" */ = {
			isa = XCConfigurationList;
			buildConfigurations = (
				8947A44C1F2B3FF600A3E463 /* Debug */,
				8947A44D1F2B3FF600A3E463 /* Release */,
			);
			defaultConfigurationIsVisible = 0;
			defaultConfigurationName = Release;
		};
		8947A44E1F2B3FF600A3E463 /* Build configuration list for PBXNativeTarget "ZeCamp" */ = {
			isa = XCConfigurationList;
			buildConfigurations = (
				8947A44F1F2B3FF600A3E463 /* Debug */,
				8947A4501F2B3FF600A3E463 /* Release */,
			);
			defaultConfigurationIsVisible = 0;
			defaultConfigurationName = Release;
		};
		8947A4511F2B3FF600A3E463 /* Build configuration list for PBXNativeTarget "ZeCampTests" */ = {
			isa = XCConfigurationList;
			buildConfigurations = (
				8947A4521F2B3FF600A3E463 /* Debug */,
				8947A4531F2B3FF600A3E463 /* Release */,
			);
			defaultConfigurationIsVisible = 0;
			defaultConfigurationName = Release;
		};
		8947A4541F2B3FF600A3E463 /* Build configuration list for PBXNativeTarget "ZeCampUITests" */ = {
			isa = XCConfigurationList;
			buildConfigurations = (
				8947A4551F2B3FF600A3E463 /* Debug */,
				8947A4561F2B3FF600A3E463 /* Release */,
			);
			defaultConfigurationIsVisible = 0;
			defaultConfigurationName = Release;
		};
/* End XCConfigurationList section */
	};
	rootObject = 8947A41E1F2B3FF600A3E463 /* Project object */;
}
